{
  "name": "miniprogram-ts-quickstart",
  "version": "1.0.0",
  "lockfileVersion": 1,
  "requires": true,
  "dependencies": {
    "miniprogram-api-typings": {
      "version": "2.11.0",
      "resolved": "https://registry.npmjs.org/miniprogram-api-typings/-/miniprogram-api-typings-2.11.0.tgz",
      "integrity": "sha512-W+V267Ys4YqyMpLrAmpYCOzDlDAjd3Hhy7UKOAoztoyS/hDZgNQ1OhM2/pGnqVyLmz78U3oqxGx8Z+/SMrMZaQ==",
      "dev": true
    },
    "typescript": {
      "version": "3.3.3333",
      "resolved": "https://registry.npmjs.org/typescript/-/typescript-3.3.3333.tgz",
      "integrity": "sha512-JjSKsAfuHBE/fB2oZ8NxtRTk5iGcg6hkYXMnZ3Wc+b2RSqejEqTaem11mHASMnFilHrax3sLK0GDzcJrekZYLw==",
      "dev": true
    },
    "weui-miniprogram": {
      "version": "1.0.3",
      "resolved": "https://registry.npmjs.org/weui-miniprogram/-/weui-miniprogram-1.0.3.tgz",
      "integrity": "sha512-b29QHJDbTzGG7+2WOQGKrZeRJ7dG7x5m4Ruqe7DXBDRcPHU9oKF6wZXnyVWF9pLk8PeOWxlnIjALbZVnN4blXw=="
    }
  }
}
